PODS:
  - boost (1.76.0)
  - DatadogCore (2.29.0):
    - DatadogInternal (= 2.29.0)
  - DatadogCrashReporting (2.29.0):
    - DatadogInternal (= 2.29.0)
    - PLCrashReporter (~> 1.12.0)
  - DatadogInternal (2.29.0)
  - DatadogLogs (2.29.0):
    - DatadogInternal (= 2.29.0)
  - DatadogRUM (2.29.0):
    - DatadogInternal (= 2.29.0)
  - DatadogSDKReactNative (2.10.0):
    - DatadogCore (= 2.29.0)
    - DatadogCrashReporting (= 2.29.0)
    - DatadogLogs (= 2.29.0)
    - DatadogRUM (= 2.29.0)
    - DatadogTrace (= 2.29.0)
    - DatadogWebViewTracking (= 2.29.0)
    - React-Core
  - DatadogTrace (2.29.0):
    - DatadogInternal (= 2.29.0)
    - OpenTelemetrySwiftApi (= 1.13.1)
  - DatadogWebViewTracking (2.29.0):
    - DatadogInternal (= 2.29.0)
  - DoubleConversion (1.1.6)
  - FBLazyVector (0.71.16)
  - FBReactNativeSpec (0.71.16):
    - RCT-Folly (= 2021.07.22.00)
    - RCTRequired (= 0.71.16)
    - RCTTypeSafety (= 0.71.16)
    - React-Core (= 0.71.16)
    - React-jsi (= 0.71.16)
    - ReactCommon/turbomodule/core (= 0.71.16)
  - fmt (6.2.1)
  - glog (0.3.5)
  - hermes-engine (0.71.16):
    - hermes-engine/Pre-built (= 0.71.16)
  - hermes-engine/Pre-built (0.71.16)
  - libevent (2.1.12)
  - OpenTelemetrySwiftApi (1.13.1)
  - PLCrashReporter (1.12.0)
  - RCT-Folly (2021.07.22.00):
    - boost
    - DoubleConversion
    - fmt (~> 6.2.1)
    - glog
    - RCT-Folly/Default (= 2021.07.22.00)
  - RCT-Folly/Default (2021.07.22.00):
    - boost
    - DoubleConversion
    - fmt (~> 6.2.1)
    - glog
  - RCT-Folly/Futures (2021.07.22.00):
    - boost
    - DoubleConversion
    - fmt (~> 6.2.1)
    - glog
    - libevent
  - RCTRequired (0.71.16)
  - RCTTypeSafety (0.71.16):
    - FBLazyVector (= 0.71.16)
    - RCTRequired (= 0.71.16)
    - React-Core (= 0.71.16)
  - React (0.71.16):
    - React-Core (= 0.71.16)
    - React-Core/DevSupport (= 0.71.16)
    - React-Core/RCTWebSocket (= 0.71.16)
    - React-RCTActionSheet (= 0.71.16)
    - React-RCTAnimation (= 0.71.16)
    - React-RCTBlob (= 0.71.16)
    - React-RCTImage (= 0.71.16)
    - React-RCTLinking (= 0.71.16)
    - React-RCTNetwork (= 0.71.16)
    - React-RCTSettings (= 0.71.16)
    - React-RCTText (= 0.71.16)
    - React-RCTVibration (= 0.71.16)
  - React-callinvoker (0.71.16)
  - React-Codegen (0.71.16):
    - FBReactNativeSpec
    - hermes-engine
    - RCT-Folly
    - RCTRequired
    - RCTTypeSafety
    - React-Core
    - React-jsi
    - React-jsiexecutor
    - ReactCommon/turbomodule/bridging
    - ReactCommon/turbomodule/core
  - React-Core (0.71.16):
    - glog
    - hermes-engine
    - RCT-Folly (= 2021.07.22.00)
    - React-Core/Default (= 0.71.16)
    - React-cxxreact (= 0.71.16)
    - React-hermes
    - React-jsi (= 0.71.16)
    - React-jsiexecutor (= 0.71.16)
    - React-perflogger (= 0.71.16)
    - Yoga
  - React-Core/CoreModulesHeaders (0.71.16):
    - glog
    - hermes-engine
    - RCT-Folly (= 2021.07.22.00)
    - React-Core/Default
    - React-cxxreact (= 0.71.16)
    - React-hermes
    - React-jsi (= 0.71.16)
    - React-jsiexecutor (= 0.71.16)
    - React-perflogger (= 0.71.16)
    - Yoga
  - React-Core/Default (0.71.16):
    - glog
    - hermes-engine
    - RCT-Folly (= 2021.07.22.00)
    - React-cxxreact (= 0.71.16)
    - React-hermes
    - React-jsi (= 0.71.16)
    - React-jsiexecutor (= 0.71.16)
    - React-perflogger (= 0.71.16)
    - Yoga
  - React-Core/DevSupport (0.71.16):
    - glog
    - hermes-engine
    - RCT-Folly (= 2021.07.22.00)
    - React-Core/Default (= 0.71.16)
    - React-Core/RCTWebSocket (= 0.71.16)
    - React-cxxreact (= 0.71.16)
    - React-hermes
    - React-jsi (= 0.71.16)
    - React-jsiexecutor (= 0.71.16)
    - React-jsinspector (= 0.71.16)
    - React-perflogger (= 0.71.16)
    - Yoga
  - React-Core/RCTActionSheetHeaders (0.71.16):
    - glog
    - hermes-engine
    - RCT-Folly (= 2021.07.22.00)
    - React-Core/Default
    - React-cxxreact (= 0.71.16)
    - React-hermes
    - React-jsi (= 0.71.16)
    - React-jsiexecutor (= 0.71.16)
    - React-perflogger (= 0.71.16)
    - Yoga
  - React-Core/RCTAnimationHeaders (0.71.16):
    - glog
    - hermes-engine
    - RCT-Folly (= 2021.07.22.00)
    - React-Core/Default
    - React-cxxreact (= 0.71.16)
    - React-hermes
    - React-jsi (= 0.71.16)
    - React-jsiexecutor (= 0.71.16)
    - React-perflogger (= 0.71.16)
    - Yoga
  - React-Core/RCTBlobHeaders (0.71.16):
    - glog
    - hermes-engine
    - RCT-Folly (= 2021.07.22.00)
    - React-Core/Default
    - React-cxxreact (= 0.71.16)
    - React-hermes
    - React-jsi (= 0.71.16)
    - React-jsiexecutor (= 0.71.16)
    - React-perflogger (= 0.71.16)
    - Yoga
  - React-Core/RCTImageHeaders (0.71.16):
    - glog
    - hermes-engine
    - RCT-Folly (= 2021.07.22.00)
    - React-Core/Default
    - React-cxxreact (= 0.71.16)
    - React-hermes
    - React-jsi (= 0.71.16)
    - React-jsiexecutor (= 0.71.16)
    - React-perflogger (= 0.71.16)
    - Yoga
  - React-Core/RCTLinkingHeaders (0.71.16):
    - glog
    - hermes-engine
    - RCT-Folly (= 2021.07.22.00)
    - React-Core/Default
    - React-cxxreact (= 0.71.16)
    - React-hermes
    - React-jsi (= 0.71.16)
    - React-jsiexecutor (= 0.71.16)
    - React-perflogger (= 0.71.16)
    - Yoga
  - React-Core/RCTNetworkHeaders (0.71.16):
    - glog
    - hermes-engine
    - RCT-Folly (= 2021.07.22.00)
    - React-Core/Default
    - React-cxxreact (= 0.71.16)
    - React-hermes
    - React-jsi (= 0.71.16)
    - React-jsiexecutor (= 0.71.16)
    - React-perflogger (= 0.71.16)
    - Yoga
  - React-Core/RCTSettingsHeaders (0.71.16):
    - glog
    - hermes-engine
    - RCT-Folly (= 2021.07.22.00)
    - React-Core/Default
    - React-cxxreact (= 0.71.16)
    - React-hermes
    - React-jsi (= 0.71.16)
    - React-jsiexecutor (= 0.71.16)
    - React-perflogger (= 0.71.16)
    - Yoga
  - React-Core/RCTTextHeaders (0.71.16):
    - glog
    - hermes-engine
    - RCT-Folly (= 2021.07.22.00)
    - React-Core/Default
    - React-cxxreact (= 0.71.16)
    - React-hermes
    - React-jsi (= 0.71.16)
    - React-jsiexecutor (= 0.71.16)
    - React-perflogger (= 0.71.16)
    - Yoga
  - React-Core/RCTVibrationHeaders (0.71.16):
    - glog
    - hermes-engine
    - RCT-Folly (= 2021.07.22.00)
    - React-Core/Default
    - React-cxxreact (= 0.71.16)
    - React-hermes
    - React-jsi (= 0.71.16)
    - React-jsiexecutor (= 0.71.16)
    - React-perflogger (= 0.71.16)
    - Yoga
  - React-Core/RCTWebSocket (0.71.16):
    - glog
    - hermes-engine
    - RCT-Folly (= 2021.07.22.00)
    - React-Core/Default (= 0.71.16)
    - React-cxxreact (= 0.71.16)
    - React-hermes
    - React-jsi (= 0.71.16)
    - React-jsiexecutor (= 0.71.16)
    - React-perflogger (= 0.71.16)
    - Yoga
  - React-CoreModules (0.71.16):
    - RCT-Folly (= 2021.07.22.00)
    - RCTTypeSafety (= 0.71.16)
    - React-Codegen (= 0.71.16)
    - React-Core/CoreModulesHeaders (= 0.71.16)
    - React-jsi (= 0.71.16)
    - React-RCTBlob
    - React-RCTImage (= 0.71.16)
    - ReactCommon/turbomodule/core (= 0.71.16)
  - React-cxxreact (0.71.16):
    - boost (= 1.76.0)
    - DoubleConversion
    - glog
    - hermes-engine
    - RCT-Folly (= 2021.07.22.00)
    - React-callinvoker (= 0.71.16)
    - React-jsi (= 0.71.16)
    - React-jsinspector (= 0.71.16)
    - React-logger (= 0.71.16)
    - React-perflogger (= 0.71.16)
    - React-runtimeexecutor (= 0.71.16)
  - React-hermes (0.71.16):
    - DoubleConversion
    - glog
    - hermes-engine
    - RCT-Folly (= 2021.07.22.00)
    - RCT-Folly/Futures (= 2021.07.22.00)
    - React-cxxreact (= 0.71.16)
    - React-jsi
    - React-jsiexecutor (= 0.71.16)
    - React-jsinspector (= 0.71.16)
    - React-perflogger (= 0.71.16)
  - React-jsi (0.71.16):
    - boost (= 1.76.0)
    - DoubleConversion
    - glog
    - hermes-engine
    - RCT-Folly (= 2021.07.22.00)
  - React-jsiexecutor (0.71.16):
    - DoubleConversion
    - glog
    - hermes-engine
    - RCT-Folly (= 2021.07.22.00)
    - React-cxxreact (= 0.71.16)
    - React-jsi (= 0.71.16)
    - React-perflogger (= 0.71.16)
  - React-jsinspector (0.71.16)
  - React-logger (0.71.16):
    - glog
  - react-native-performance-limiter (0.1.1):
    - React-Core
  - react-native-safe-area-context (4.5.0):
    - RCT-Folly
    - RCTRequired
    - RCTTypeSafety
    - React-Core
    - ReactCommon/turbomodule/core
  - React-perflogger (0.71.16)
  - React-RCTActionSheet (0.71.16):
    - React-Core/RCTActionSheetHeaders (= 0.71.16)
  - React-RCTAnimation (0.71.16):
    - RCT-Folly (= 2021.07.22.00)
    - RCTTypeSafety (= 0.71.16)
    - React-Codegen (= 0.71.16)
    - React-Core/RCTAnimationHeaders (= 0.71.16)
    - React-jsi (= 0.71.16)
    - ReactCommon/turbomodule/core (= 0.71.16)
  - React-RCTAppDelegate (0.71.16):
    - RCT-Folly
    - RCTRequired
    - RCTTypeSafety
    - React-Core
    - ReactCommon/turbomodule/core
  - React-RCTBlob (0.71.16):
    - hermes-engine
    - RCT-Folly (= 2021.07.22.00)
    - React-Codegen (= 0.71.16)
    - React-Core/RCTBlobHeaders (= 0.71.16)
    - React-Core/RCTWebSocket (= 0.71.16)
    - React-jsi (= 0.71.16)
    - React-RCTNetwork (= 0.71.16)
    - ReactCommon/turbomodule/core (= 0.71.16)
  - React-RCTImage (0.71.16):
    - RCT-Folly (= 2021.07.22.00)
    - RCTTypeSafety (= 0.71.16)
    - React-Codegen (= 0.71.16)
    - React-Core/RCTImageHeaders (= 0.71.16)
    - React-jsi (= 0.71.16)
    - React-RCTNetwork (= 0.71.16)
    - ReactCommon/turbomodule/core (= 0.71.16)
  - React-RCTLinking (0.71.16):
    - React-Codegen (= 0.71.16)
    - React-Core/RCTLinkingHeaders (= 0.71.16)
    - React-jsi (= 0.71.16)
    - ReactCommon/turbomodule/core (= 0.71.16)
  - React-RCTNetwork (0.71.16):
    - RCT-Folly (= 2021.07.22.00)
    - RCTTypeSafety (= 0.71.16)
    - React-Codegen (= 0.71.16)
    - React-Core/RCTNetworkHeaders (= 0.71.16)
    - React-jsi (= 0.71.16)
    - ReactCommon/turbomodule/core (= 0.71.16)
  - React-RCTSettings (0.71.16):
    - RCT-Folly (= 2021.07.22.00)
    - RCTTypeSafety (= 0.71.16)
    - React-Codegen (= 0.71.16)
    - React-Core/RCTSettingsHeaders (= 0.71.16)
    - React-jsi (= 0.71.16)
    - ReactCommon/turbomodule/core (= 0.71.16)
  - React-RCTText (0.71.16):
    - React-Core/RCTTextHeaders (= 0.71.16)
  - React-RCTVibration (0.71.16):
    - RCT-Folly (= 2021.07.22.00)
    - React-Codegen (= 0.71.16)
    - React-Core/RCTVibrationHeaders (= 0.71.16)
    - React-jsi (= 0.71.16)
    - ReactCommon/turbomodule/core (= 0.71.16)
  - React-runtimeexecutor (0.71.16):
    - React-jsi (= 0.71.16)
  - ReactCommon/turbomodule/bridging (0.71.16):
    - DoubleConversion
    - glog
    - hermes-engine
    - RCT-Folly (= 2021.07.22.00)
    - React-callinvoker (= 0.71.16)
    - React-Core (= 0.71.16)
    - React-cxxreact (= 0.71.16)
    - React-jsi (= 0.71.16)
    - React-logger (= 0.71.16)
    - React-perflogger (= 0.71.16)
  - ReactCommon/turbomodule/core (0.71.16):
    - DoubleConversion
    - glog
    - hermes-engine
    - RCT-Folly (= 2021.07.22.00)
    - React-callinvoker (= 0.71.16)
    - React-Core (= 0.71.16)
    - React-cxxreact (= 0.71.16)
    - React-jsi (= 0.71.16)
    - React-logger (= 0.71.16)
    - React-perflogger (= 0.71.16)
  - RNScreens (3.20.0):
    - React-Core
    - React-RCTImage
  - Yoga (1.14.0)

DEPENDENCIES:
  - boost (from `../node_modules/react-native/third-party-podspecs/boost.podspec`)
  - "DatadogSDKReactNative (from `../node_modules/@datadog/mobile-react-native`)"
  - DoubleConversion (from `../node_modules/react-native/third-party-podspecs/DoubleConversion.podspec`)
  - FBLazyVector (from `../node_modules/react-native/Libraries/FBLazyVector`)
  - FBReactNativeSpec (from `../node_modules/react-native/React/FBReactNativeSpec`)
  - glog (from `../node_modules/react-native/third-party-podspecs/glog.podspec`)
  - hermes-engine (from `../node_modules/react-native/sdks/hermes-engine/hermes-engine.podspec`)
  - libevent (~> 2.1.12)
  - RCT-Folly (from `../node_modules/react-native/third-party-podspecs/RCT-Folly.podspec`)
  - RCTRequired (from `../node_modules/react-native/Libraries/RCTRequired`)
  - RCTTypeSafety (from `../node_modules/react-native/Libraries/TypeSafety`)
  - React (from `../node_modules/react-native/`)
  - React-callinvoker (from `../node_modules/react-native/ReactCommon/callinvoker`)
  - React-Codegen (from `build/generated/ios`)
  - React-Core (from `../node_modules/react-native/`)
  - React-Core/RCTWebSocket (from `../node_modules/react-native/`)
  - React-CoreModules (from `../node_modules/react-native/React/CoreModules`)
  - React-cxxreact (from `../node_modules/react-native/ReactCommon/cxxreact`)
  - React-hermes (from `../node_modules/react-native/ReactCommon/hermes`)
  - React-jsi (from `../node_modules/react-native/ReactCommon/jsi`)
  - React-jsiexecutor (from `../node_modules/react-native/ReactCommon/jsiexecutor`)
  - React-jsinspector (from `../node_modules/react-native/ReactCommon/jsinspector`)
  - React-logger (from `../node_modules/react-native/ReactCommon/logger`)
  - react-native-performance-limiter (from `../node_modules/react-native-performance-limiter`)
  - react-native-safe-area-context (from `../node_modules/react-native-safe-area-context`)
  - React-perflogger (from `../node_modules/react-native/ReactCommon/reactperflogger`)
  - React-RCTActionSheet (from `../node_modules/react-native/Libraries/ActionSheetIOS`)
  - React-RCTAnimation (from `../node_modules/react-native/Libraries/NativeAnimation`)
  - React-RCTAppDelegate (from `../node_modules/react-native/Libraries/AppDelegate`)
  - React-RCTBlob (from `../node_modules/react-native/Libraries/Blob`)
  - React-RCTImage (from `../node_modules/react-native/Libraries/Image`)
  - React-RCTLinking (from `../node_modules/react-native/Libraries/LinkingIOS`)
  - React-RCTNetwork (from `../node_modules/react-native/Libraries/Network`)
  - React-RCTSettings (from `../node_modules/react-native/Libraries/Settings`)
  - React-RCTText (from `../node_modules/react-native/Libraries/Text`)
  - React-RCTVibration (from `../node_modules/react-native/Libraries/Vibration`)
  - React-runtimeexecutor (from `../node_modules/react-native/ReactCommon/runtimeexecutor`)
  - ReactCommon/turbomodule/core (from `../node_modules/react-native/ReactCommon`)
  - RNScreens (from `../node_modules/react-native-screens`)
  - Yoga (from `../node_modules/react-native/ReactCommon/yoga`)

SPEC REPOS:
  trunk:
    - DatadogCore
    - DatadogCrashReporting
    - DatadogInternal
    - DatadogLogs
    - DatadogRUM
    - DatadogTrace
    - DatadogWebViewTracking
    - fmt
    - libevent
    - OpenTelemetrySwiftApi
    - PLCrashReporter

EXTERNAL SOURCES:
  boost:
    :podspec: "../node_modules/react-native/third-party-podspecs/boost.podspec"
  DatadogSDKReactNative:
    :path: "../node_modules/@datadog/mobile-react-native"
  DoubleConversion:
    :podspec: "../node_modules/react-native/third-party-podspecs/DoubleConversion.podspec"
  FBLazyVector:
    :path: "../node_modules/react-native/Libraries/FBLazyVector"
  FBReactNativeSpec:
    :path: "../node_modules/react-native/React/FBReactNativeSpec"
  glog:
    :podspec: "../node_modules/react-native/third-party-podspecs/glog.podspec"
  hermes-engine:
    :podspec: "../node_modules/react-native/sdks/hermes-engine/hermes-engine.podspec"
  RCT-Folly:
    :podspec: "../node_modules/react-native/third-party-podspecs/RCT-Folly.podspec"
  RCTRequired:
    :path: "../node_modules/react-native/Libraries/RCTRequired"
  RCTTypeSafety:
    :path: "../node_modules/react-native/Libraries/TypeSafety"
  React:
    :path: "../node_modules/react-native/"
  React-callinvoker:
    :path: "../node_modules/react-native/ReactCommon/callinvoker"
  React-Codegen:
    :path: build/generated/ios
  React-Core:
    :path: "../node_modules/react-native/"
  React-CoreModules:
    :path: "../node_modules/react-native/React/CoreModules"
  React-cxxreact:
    :path: "../node_modules/react-native/ReactCommon/cxxreact"
  React-hermes:
    :path: "../node_modules/react-native/ReactCommon/hermes"
  React-jsi:
    :path: "../node_modules/react-native/ReactCommon/jsi"
  React-jsiexecutor:
    :path: "../node_modules/react-native/ReactCommon/jsiexecutor"
  React-jsinspector:
    :path: "../node_modules/react-native/ReactCommon/jsinspector"
  React-logger:
    :path: "../node_modules/react-native/ReactCommon/logger"
  react-native-performance-limiter:
    :path: "../node_modules/react-native-performance-limiter"
  react-native-safe-area-context:
    :path: "../node_modules/react-native-safe-area-context"
  React-perflogger:
    :path: "../node_modules/react-native/ReactCommon/reactperflogger"
  React-RCTActionSheet:
    :path: "../node_modules/react-native/Libraries/ActionSheetIOS"
  React-RCTAnimation:
    :path: "../node_modules/react-native/Libraries/NativeAnimation"
  React-RCTAppDelegate:
    :path: "../node_modules/react-native/Libraries/AppDelegate"
  React-RCTBlob:
    :path: "../node_modules/react-native/Libraries/Blob"
  React-RCTImage:
    :path: "../node_modules/react-native/Libraries/Image"
  React-RCTLinking:
    :path: "../node_modules/react-native/Libraries/LinkingIOS"
  React-RCTNetwork:
    :path: "../node_modules/react-native/Libraries/Network"
  React-RCTSettings:
    :path: "../node_modules/react-native/Libraries/Settings"
  React-RCTText:
    :path: "../node_modules/react-native/Libraries/Text"
  React-RCTVibration:
    :path: "../node_modules/react-native/Libraries/Vibration"
  React-runtimeexecutor:
    :path: "../node_modules/react-native/ReactCommon/runtimeexecutor"
  ReactCommon:
    :path: "../node_modules/react-native/ReactCommon"
  RNScreens:
    :path: "../node_modules/react-native-screens"
  Yoga:
    :path: "../node_modules/react-native/ReactCommon/yoga"

SPEC CHECKSUMS:
  boost: 7dcd2de282d72e344012f7d6564d024930a6a440
  DatadogCore: 919080d4ba0bf172f42e8cf49a6ea33a79bdeb9a
  DatadogCrashReporting: 3de14c873c0492803eca0373769791fde30639f6
  DatadogInternal: f98c60cc5b44db688692e2b560ea273182cde022
  DatadogLogs: c314b15a97bfc7e0728ea253d3638b0513032d88
  DatadogRUM: 6ec371f477a1022fd5aad6ccb5407b85a04db399
  DatadogSDKReactNative: 6388920423aee408b9611a0e03d15161827fe63c
  DatadogTrace: f0de55334db1630938ef980b5e054964652c4606
  DatadogWebViewTracking: f637f0e36cf62b713cd6673690d94072e6223570
  DoubleConversion: 5189b271737e1565bdce30deb4a08d647e3f5f54
  FBLazyVector: 9840513ec2766e31fb9e34c2dabb2c4671400fcd
  FBReactNativeSpec: 76141e46f67b395d7d4e94925dfeba0dbd680ba1
  fmt: ff9d55029c625d3757ed641535fd4a75fedc7ce9
  glog: 04b94705f318337d7ead9e6d17c019bd9b1f6b1b
  hermes-engine: 2382506846564caf4152c45390dc24f08fce7057
  libevent: 4049cae6c81cdb3654a443be001fb9bdceff7913
  OpenTelemetrySwiftApi: aaee576ed961e0c348af78df58b61300e95bd104
  PLCrashReporter: db59ef96fa3d25f3650040d02ec2798cffee75f2
  RCT-Folly: 8dc08ca5a393b48b1c523ab6220dfdcc0fe000ad
  RCTRequired: 44a3cda52ccac0be738fbf43fef90f3546a48c52
  RCTTypeSafety: da7fbf9826fc898ca8b10dc840f2685562039a64
  React: defd955b6d6ffb9791bb66dee08d90b87a8e2c0c
  React-callinvoker: 39ea57213d56ec9c527d51bd0dfb45cbb12ef447
  React-Codegen: a383556237715e2f75fb0678a932bc5ad53995a5
  React-Core: d28fd78dc9ba11686213ef1304b876fbe14504b0
  React-CoreModules: f1e28e36e71add156b108ff1dd00cfdb5399da68
  React-cxxreact: e0f18fd5ccd178950aeaca8e5e71bea4c1854f69
  React-hermes: 82799e534d3329c041d7b736ea201e7b95da1112
  React-jsi: 4f0c076e37f6c6b9e1ebf5783918a2b3de3697f7
  React-jsiexecutor: 173c86f9ab3434c9134ade7294f8be06398b4f0a
  React-jsinspector: b3b341764ccda14f3659c00a9bc5b098b334db2b
  React-logger: 9fce62c1d7893429ce7558b9f6b83c5c79f946d1
  react-native-performance-limiter: 806f928994c472515d4c64b9f7636aa40958dde9
  react-native-safe-area-context: 863c9695a24b9e6bb6c412f1c8ddb4dfc3ae3862
  React-perflogger: c944b06edad34f5ecded0f29a6e66290a005d365
  React-RCTActionSheet: fa467f37777dacba2c72da4be7ae065da4482d7d
  React-RCTAnimation: 0591ee5f9e3d8c864a0937edea2165fe968e7099
  React-RCTAppDelegate: 04d2661dee11a68f5fd32c4b5d7ffa0dc0721094
  React-RCTBlob: 8f263e84a89652c58899d2444c2a915aa5057feb
  React-RCTImage: 6300660ef04d0e8a710ad9ea5d2fb4d9521c200d
  React-RCTLinking: 7703ee1b10d3568c143a489ae74adc419c3f3ef3
  React-RCTNetwork: 5748c647e09c66b918f81ae15ed7474327f653be
  React-RCTSettings: 8c8a84ee363db9cbc287c8b8f2fb782acf7ba414
  React-RCTText: d5e53c0741e3e2df91317781e993b5e42bd70448
  React-RCTVibration: 052dd488ba95f461a37c992b9e01bd4bcc59a7b6
  React-runtimeexecutor: b5abe02558421897cd9f73d4f4b6adb4bc297083
  ReactCommon: a9f87edf02caaec81cc0873f8261c863db124663
  RNScreens: c6ae949c292bee8ed7f355ab2adcfc9a51629951
  Yoga: e29645ec5a66fb00934fad85338742d1c247d4cb

PODFILE CHECKSUM: 55dc61eedb13c83a86c260f139af7e9ef2d8c318

COCOAPODS: 1.16.2
